
Microsoft Visual Studio Solution File, Format Version 12.00
# Visual Studio Version 17
VisualStudioVersion = 17.0.31903.59
MinimumVisualStudioVersion = 10.0.40219.1
Project("{FAE04EC0-301F-11D3-BF4B-00C04F79EFBC}") = "PrimeService", "PrimeService\PrimeService.csproj", "{86D637ED-F07E-495E-A5C2-8D2D298C3F99}"
EndProject
Project("{FAE04EC0-301F-11D3-BF4B-00C04F79EFBC}") = "PrimeService.Tests", "PrimeService.Tests\PrimeService.Tests.csproj", "{695E83B7-4569-4275-92FD-CDEF2D505758}"
EndProject
Global
	GlobalSection(SolutionConfigurationPlatforms) = preSolution
		Debug|Any CPU = Debug|Any CPU
		Release|Any CPU = Release|Any CPU
	EndGlobalSection
	GlobalSection(SolutionProperties) = preSolution
		HideSolutionNode = FALSE
	EndGlobalSection
	GlobalSection(ProjectConfigurationPlatforms) = postSolution
		{86D637ED-F07E-495E-A5C2-8D2D298C3F99}.Debug|Any CPU.ActiveCfg = Debug|Any CPU
		{86D637ED-F07E-495E-A5C2-8D2D298C3F99}.Debug|Any CPU.Build.0 = Debug|Any CPU
		{86D637ED-F07E-495E-A5C2-8D2D298C3F99}.Release|Any CPU.ActiveCfg = Release|Any CPU
		{86D637ED-F07E-495E-A5C2-8D2D298C3F99}.Release|Any CPU.Build.0 = Release|Any CPU
		{695E83B7-4569-4275-92FD-CDEF2D505758}.Debug|Any CPU.ActiveCfg = Debug|Any CPU
		{695E83B7-4569-4275-92FD-CDEF2D505758}.Debug|Any CPU.Build.0 = Debug|Any CPU
		{695E83B7-4569-4275-92FD-CDEF2D505758}.Release|Any CPU.ActiveCfg = Release|Any CPU
		{695E83B7-4569-4275-92FD-CDEF2D505758}.Release|Any CPU.Build.0 = Release|Any CPU
	EndGlobalSection
EndGlobal
